
Microsoft Visual Studio Solution File, Format Version 12.00
# Visual Studio Version 17
VisualStudioVersion = 17.8.34408.163
MinimumVisualStudioVersion = 10.0.40219.1
Project("{FAE04EC0-301F-11D3-BF4B-00C04F79EFBC}") = "ISP", "ISP.csproj", "{C5327A26-BF1E-46D6-9B0E-AB9D0F290480}"
EndProject
Global
	GlobalSection(SolutionConfigurationPlatforms) = preSolution
		Debug|Any CPU = Debug|Any CPU
		Release|Any CPU = Release|Any CPU
	EndGlobalSection
	GlobalSection(ProjectConfigurationPlatforms) = postSolution
		{C5327A26-BF1E-46D6-9B0E-AB9D0F290480}.Debug|Any CPU.ActiveCfg = Debug|Any CPU
		{C5327A26-BF1E-46D6-9B0E-AB9D0F290480}.Debug|Any CPU.Build.0 = Debug|Any CPU
		{C5327A26-BF1E-46D6-9B0E-AB9D0F290480}.Release|Any CPU.ActiveCfg = Release|Any CPU
		{C5327A26-BF1E-46D6-9B0E-AB9D0F290480}.Release|Any CPU.Build.0 = Release|Any CPU
	EndGlobalSection
	GlobalSection(SolutionProperties) = preSolution
		HideSolutionNode = FALSE
	EndGlobalSection
	GlobalSection(ExtensibilityGlobals) = postSolution
		SolutionGuid = {F6E4BA52-96E5-4A5C-9BCE-B7A140809B85}
	EndGlobalSection
EndGlobal
