
Microsoft Visual Studio Solution File, Format Version 12.00
# Visual Studio Version 17
VisualStudioVersion = 17.8.34408.163
MinimumVisualStudioVersion = 10.0.40219.1
Project("{FAE04EC0-301F-11D3-BF4B-00C04F79EFBC}") = "Exception", "Exception.csproj", "{1F6BDEAA-BFC6-42EC-9504-1104B2A6A777}"
EndProject
Global
	GlobalSection(SolutionConfigurationPlatforms) = preSolution
		Debug|Any CPU = Debug|Any CPU
		Release|Any CPU = Release|Any CPU
	EndGlobalSection
	GlobalSection(ProjectConfigurationPlatforms) = postSolution
		{1F6BDEAA-BFC6-42EC-9504-1104B2A6A777}.Debug|Any CPU.ActiveCfg = Debug|Any CPU
		{1F6BDEAA-BFC6-42EC-9504-1104B2A6A777}.Debug|Any CPU.Build.0 = Debug|Any CPU
		{1F6BDEAA-BFC6-42EC-9504-1104B2A6A777}.Release|Any CPU.ActiveCfg = Release|Any CPU
		{1F6BDEAA-BFC6-42EC-9504-1104B2A6A777}.Release|Any CPU.Build.0 = Release|Any CPU
	EndGlobalSection
	GlobalSection(SolutionProperties) = preSolution
		HideSolutionNode = FALSE
	EndGlobalSection
	GlobalSection(ExtensibilityGlobals) = postSolution
		SolutionGuid = {72FB6A48-3687-4423-99CD-704381F47D7A}
	EndGlobalSection
EndGlobal
